
Microsoft Visual Studio Solution File, Format Version 12.00
# Visual Studio Version 16
VisualStudioVersion = 16.0.29318.209
MinimumVisualStudioVersion = 10.0.40219.1
Project("{FAE04EC0-301F-11D3-BF4B-00C04F79EFBC}") = "MultiPause", "MultiPause\MultiPause.csproj", "{136611D6-559C-4D16-822A-D3A023F46C30}"
EndProject
Global
	GlobalSection(SolutionConfigurationPlatforms) = preSolution
		Debug|Any CPU = Debug|Any CPU
		Release|Any CPU = Release|Any CPU
	EndGlobalSection
	GlobalSection(ProjectConfigurationPlatforms) = postSolution
		{136611D6-559C-4D16-822A-D3A023F46C30}.Debug|Any CPU.ActiveCfg = Debug|Any CPU
		{136611D6-559C-4D16-822A-D3A023F46C30}.Debug|Any CPU.Build.0 = Debug|Any CPU
		{136611D6-559C-4D16-822A-D3A023F46C30}.Release|Any CPU.ActiveCfg = Release|Any CPU
		{136611D6-559C-4D16-822A-D3A023F46C30}.Release|Any CPU.Build.0 = Release|Any CPU
	EndGlobalSection
	GlobalSection(SolutionProperties) = preSolution
		HideSolutionNode = FALSE
	EndGlobalSection
	GlobalSection(ExtensibilityGlobals) = postSolution
		SolutionGuid = {BB3DC0F3-F6CD-4CD2-98AA-7630E3B23EF7}
	EndGlobalSection
EndGlobal
